
Microsoft Visual Studio Solution File, Format Version 12.00
# Visual Studio Version 16
VisualStudioVersion = 16.0.29503.13
MinimumVisualStudioVersion = 10.0.40219.1
Project("{8BC9CEB8-8B4A-11D0-8D11-00A0C91BC942}") = "Esercizi", "Esercizi\Esercizi.vcxproj", "{0192CF83-3609-467C-8772-49F99CBE56E5}"
EndProject
Project("{8BC9CEB8-8B4A-11D0-8D11-00A0C91BC942}") = "Struct", "Struct\Struct.vcxproj", "{CBA208BF-53D7-4993-B777-CB4B5B5CF56B}"
EndProject
Project("{8BC9CEB8-8B4A-11D0-8D11-00A0C91BC942}") = "useful", "useful\useful.vcxproj", "{924B54CD-087C-4F2D-8DA7-E6DCBD57901D}"
EndProject
Project("{8BC9CEB8-8B4A-11D0-8D11-00A0C91BC942}") = "Compiti", "Compiti\Compiti.vcxproj", "{B8D8E191-102A-4927-A9B0-0E1632FB7D23}"
EndProject
Global
	GlobalSection(SolutionConfigurationPlatforms) = preSolution
		Debug|x64 = Debug|x64
		Debug|x86 = Debug|x86
		Release|x64 = Release|x64
		Release|x86 = Release|x86
	EndGlobalSection
	GlobalSection(ProjectConfigurationPlatforms) = postSolution
		{0192CF83-3609-467C-8772-49F99CBE56E5}.Debug|x64.ActiveCfg = Debug|x64
		{0192CF83-3609-467C-8772-49F99CBE56E5}.Debug|x64.Build.0 = Debug|x64
		{0192CF83-3609-467C-8772-49F99CBE56E5}.Debug|x86.ActiveCfg = Debug|Win32
		{0192CF83-3609-467C-8772-49F99CBE56E5}.Debug|x86.Build.0 = Debug|Win32
		{0192CF83-3609-467C-8772-49F99CBE56E5}.Release|x64.ActiveCfg = Release|x64
		{0192CF83-3609-467C-8772-49F99CBE56E5}.Release|x64.Build.0 = Release|x64
		{0192CF83-3609-467C-8772-49F99CBE56E5}.Release|x86.ActiveCfg = Release|Win32
		{0192CF83-3609-467C-8772-49F99CBE56E5}.Release|x86.Build.0 = Release|Win32
		{CBA208BF-53D7-4993-B777-CB4B5B5CF56B}.Debug|x64.ActiveCfg = Debug|x64
		{CBA208BF-53D7-4993-B777-CB4B5B5CF56B}.Debug|x64.Build.0 = Debug|x64
		{CBA208BF-53D7-4993-B777-CB4B5B5CF56B}.Debug|x86.ActiveCfg = Debug|Win32
		{CBA208BF-53D7-4993-B777-CB4B5B5CF56B}.Debug|x86.Build.0 = Debug|Win32
		{CBA208BF-53D7-4993-B777-CB4B5B5CF56B}.Release|x64.ActiveCfg = Release|x64
		{CBA208BF-53D7-4993-B777-CB4B5B5CF56B}.Release|x64.Build.0 = Release|x64
		{CBA208BF-53D7-4993-B777-CB4B5B5CF56B}.Release|x86.ActiveCfg = Release|Win32
		{CBA208BF-53D7-4993-B777-CB4B5B5CF56B}.Release|x86.Build.0 = Release|Win32
		{924B54CD-087C-4F2D-8DA7-E6DCBD57901D}.Debug|x64.ActiveCfg = Debug|x64
		{924B54CD-087C-4F2D-8DA7-E6DCBD57901D}.Debug|x64.Build.0 = Debug|x64
		{924B54CD-087C-4F2D-8DA7-E6DCBD57901D}.Debug|x86.ActiveCfg = Debug|Win32
		{924B54CD-087C-4F2D-8DA7-E6DCBD57901D}.Debug|x86.Build.0 = Debug|Win32
		{924B54CD-087C-4F2D-8DA7-E6DCBD57901D}.Release|x64.ActiveCfg = Release|x64
		{924B54CD-087C-4F2D-8DA7-E6DCBD57901D}.Release|x64.Build.0 = Release|x64
		{924B54CD-087C-4F2D-8DA7-E6DCBD57901D}.Release|x86.ActiveCfg = Release|Win32
		{924B54CD-087C-4F2D-8DA7-E6DCBD57901D}.Release|x86.Build.0 = Release|Win32
		{B8D8E191-102A-4927-A9B0-0E1632FB7D23}.Debug|x64.ActiveCfg = Debug|x64
		{B8D8E191-102A-4927-A9B0-0E1632FB7D23}.Debug|x64.Build.0 = Debug|x64
		{B8D8E191-102A-4927-A9B0-0E1632FB7D23}.Debug|x86.ActiveCfg = Debug|Win32
		{B8D8E191-102A-4927-A9B0-0E1632FB7D23}.Debug|x86.Build.0 = Debug|Win32
		{B8D8E191-102A-4927-A9B0-0E1632FB7D23}.Release|x64.ActiveCfg = Release|x64
		{B8D8E191-102A-4927-A9B0-0E1632FB7D23}.Release|x64.Build.0 = Release|x64
		{B8D8E191-102A-4927-A9B0-0E1632FB7D23}.Release|x86.ActiveCfg = Release|Win32
		{B8D8E191-102A-4927-A9B0-0E1632FB7D23}.Release|x86.Build.0 = Release|Win32
	EndGlobalSection
	GlobalSection(SolutionProperties) = preSolution
		HideSolutionNode = FALSE
	EndGlobalSection
	GlobalSection(ExtensibilityGlobals) = postSolution
		SolutionGuid = {BA2B993C-ACCF-41BC-89D8-A148FCB74644}
	EndGlobalSection
EndGlobal
